
Microsoft Visual Studio Solution File, Format Version 12.00
# Visual Studio Version 17
VisualStudioVersion = 17.2.32630.192
MinimumVisualStudioVersion = 10.0.40219.1
Project("{9A19103F-16F7-4668-BE54-9A1E7A4F7556}") = "Demkin.Utils", "Shared\Demkin.Utils\Demkin.Utils.csproj", "{8C32D97C-141B-48FB-822A-49F321D0CFAC}"
EndProject
Project("{2150E333-8FDC-42A3-9474-1A3956D46DE8}") = "Shared", "Shared", "{BFD7ADDA-1926-48AF-9A81-61DFC317AC2C}"
EndProject
Project("{9A19103F-16F7-4668-BE54-9A1E7A4F7556}") = "Demkin.Domain.Abstraction", "Shared\Demkin.Domain.Abstraction\Demkin.Domain.Abstraction.csproj", "{1AEF259A-0AE0-4C00-8214-98DDC2FDC67C}"
EndProject
Project("{2150E333-8FDC-42A3-9474-1A3956D46DE8}") = "MicroService", "MicroService", "{8F7D42FF-AAD7-4FD0-8D3A-CDFD862B1E1E}"
EndProject
Project("{2150E333-8FDC-42A3-9474-1A3956D46DE8}") = "ApiGateways", "ApiGateways", "{F073501F-DE9F-44D4-BE1D-1980E8094B37}"
EndProject
Project("{2150E333-8FDC-42A3-9474-1A3956D46DE8}") = "System", "System", "{090532C9-7F5B-45AD-BE30-25B8F803D80A}"
EndProject
Project("{9A19103F-16F7-4668-BE54-9A1E7A4F7556}") = "Demkin.System.WebApi", "MicroService\System\Demkin.System.WebApi\Demkin.System.WebApi.csproj", "{D0F13AD8-7F41-440F-8EE7-D545DB8B0BB7}"
EndProject
Project("{9A19103F-16F7-4668-BE54-9A1E7A4F7556}") = "Demkin.System.Domain", "MicroService\System\Demkin.System.Domain\Demkin.System.Domain.csproj", "{F27FAE4F-0C31-4E48-A868-056969D73837}"
EndProject
Project("{9A19103F-16F7-4668-BE54-9A1E7A4F7556}") = "Demkin.System.Infrastructure", "MicroService\System\Demkin.System.Infrastructure\Demkin.System.Infrastructure.csproj", "{544EBAD3-F10C-4286-B15B-41DD2819A515}"
EndProject
Project("{9A19103F-16F7-4668-BE54-9A1E7A4F7556}") = "Demkin.Infrastructure.Core", "Shared\Demkin.Infrastructure.Core\Demkin.Infrastructure.Core.csproj", "{512F2735-00B8-44E9-96A1-10C0FBF2204D}"
EndProject
Project("{2150E333-8FDC-42A3-9474-1A3956D46DE8}") = "Solution Items", "Solution Items", "{04A45815-CCFF-40A9-8C2C-15BA209C4AC9}"
	ProjectSection(SolutionItems) = preProject
		.editorconfig = .editorconfig
	EndProjectSection
EndProject
Project("{9A19103F-16F7-4668-BE54-9A1E7A4F7556}") = "Demkin.Core", "Shared\Demkin.Core\Demkin.Core.csproj", "{906FE53C-47A3-4E73-A286-5063EE9A8F52}"
EndProject
Project("{2150E333-8FDC-42A3-9474-1A3956D46DE8}") = "FileOperation", "FileOperation", "{834053F2-1C6C-4A8D-A70F-474CBA6BF747}"
EndProject
Project("{2150E333-8FDC-42A3-9474-1A3956D46DE8}") = "Listen", "Listen", "{8E0D490B-3C86-4806-9CC1-2761F0510413}"
EndProject
Project("{9A19103F-16F7-4668-BE54-9A1E7A4F7556}") = "Demkin.FileOperation.Domain", "MicroService\FileOperation\Demkin.FileOperation.Domain\Demkin.FileOperation.Domain.csproj", "{92E6D3E2-3A9D-4F7B-86A0-5896F0BCF8B6}"
EndProject
Project("{9A19103F-16F7-4668-BE54-9A1E7A4F7556}") = "Demkin.FileOperation.Infrastructure", "MicroService\FileOperation\Demkin.FileOperation.Infrastructure\Demkin.FileOperation.Infrastructure.csproj", "{606A78E7-8F7E-4936-9D23-6BD9F08D0BA9}"
EndProject
Project("{9A19103F-16F7-4668-BE54-9A1E7A4F7556}") = "Demkin.FileOperation.WebApi", "MicroService\FileOperation\Demkin.FileOperation.WebApi\Demkin.FileOperation.WebApi.csproj", "{194787E3-FA01-400E-9BBD-DA50751AF7BA}"
EndProject
Project("{9A19103F-16F7-4668-BE54-9A1E7A4F7556}") = "Demkin.Listen.Domain", "MicroService\Listen\Demkin.Listen.Domain\Demkin.Listen.Domain.csproj", "{7148D3F7-17FC-44AF-9D32-A1B7606E1CA7}"
EndProject
Project("{9A19103F-16F7-4668-BE54-9A1E7A4F7556}") = "Demkin.Listen.Infrastructure", "MicroService\Listen\Demkin.Listen.Infrastructure\Demkin.Listen.Infrastructure.csproj", "{88CBEDAE-8917-438A-92AD-DBC2E1E01681}"
EndProject
Project("{9A19103F-16F7-4668-BE54-9A1E7A4F7556}") = "Demkin.Listen.WebApiAdmin", "MicroService\Listen\Demkin.Listen.WebApiAdmin\Demkin.Listen.WebApiAdmin.csproj", "{74DDE267-7D3B-4957-845C-D61207408849}"
EndProject
Global
	GlobalSection(SolutionConfigurationPlatforms) = preSolution
		Debug|Any CPU = Debug|Any CPU
		Release|Any CPU = Release|Any CPU
	EndGlobalSection
	GlobalSection(ProjectConfigurationPlatforms) = postSolution
		{8C32D97C-141B-48FB-822A-49F321D0CFAC}.Debug|Any CPU.ActiveCfg = Debug|Any CPU
		{8C32D97C-141B-48FB-822A-49F321D0CFAC}.Debug|Any CPU.Build.0 = Debug|Any CPU
		{8C32D97C-141B-48FB-822A-49F321D0CFAC}.Release|Any CPU.ActiveCfg = Release|Any CPU
		{8C32D97C-141B-48FB-822A-49F321D0CFAC}.Release|Any CPU.Build.0 = Release|Any CPU
		{1AEF259A-0AE0-4C00-8214-98DDC2FDC67C}.Debug|Any CPU.ActiveCfg = Debug|Any CPU
		{1AEF259A-0AE0-4C00-8214-98DDC2FDC67C}.Debug|Any CPU.Build.0 = Debug|Any CPU
		{1AEF259A-0AE0-4C00-8214-98DDC2FDC67C}.Release|Any CPU.ActiveCfg = Release|Any CPU
		{1AEF259A-0AE0-4C00-8214-98DDC2FDC67C}.Release|Any CPU.Build.0 = Release|Any CPU
		{D0F13AD8-7F41-440F-8EE7-D545DB8B0BB7}.Debug|Any CPU.ActiveCfg = Debug|Any CPU
		{D0F13AD8-7F41-440F-8EE7-D545DB8B0BB7}.Debug|Any CPU.Build.0 = Debug|Any CPU
		{D0F13AD8-7F41-440F-8EE7-D545DB8B0BB7}.Release|Any CPU.ActiveCfg = Release|Any CPU
		{D0F13AD8-7F41-440F-8EE7-D545DB8B0BB7}.Release|Any CPU.Build.0 = Release|Any CPU
		{F27FAE4F-0C31-4E48-A868-056969D73837}.Debug|Any CPU.ActiveCfg = Debug|Any CPU
		{F27FAE4F-0C31-4E48-A868-056969D73837}.Debug|Any CPU.Build.0 = Debug|Any CPU
		{F27FAE4F-0C31-4E48-A868-056969D73837}.Release|Any CPU.ActiveCfg = Release|Any CPU
		{F27FAE4F-0C31-4E48-A868-056969D73837}.Release|Any CPU.Build.0 = Release|Any CPU
		{544EBAD3-F10C-4286-B15B-41DD2819A515}.Debug|Any CPU.ActiveCfg = Debug|Any CPU
		{544EBAD3-F10C-4286-B15B-41DD2819A515}.Debug|Any CPU.Build.0 = Debug|Any CPU
		{544EBAD3-F10C-4286-B15B-41DD2819A515}.Release|Any CPU.ActiveCfg = Release|Any CPU
		{544EBAD3-F10C-4286-B15B-41DD2819A515}.Release|Any CPU.Build.0 = Release|Any CPU
		{512F2735-00B8-44E9-96A1-10C0FBF2204D}.Debug|Any CPU.ActiveCfg = Debug|Any CPU
		{512F2735-00B8-44E9-96A1-10C0FBF2204D}.Debug|Any CPU.Build.0 = Debug|Any CPU
		{512F2735-00B8-44E9-96A1-10C0FBF2204D}.Release|Any CPU.ActiveCfg = Release|Any CPU
		{512F2735-00B8-44E9-96A1-10C0FBF2204D}.Release|Any CPU.Build.0 = Release|Any CPU
		{906FE53C-47A3-4E73-A286-5063EE9A8F52}.Debug|Any CPU.ActiveCfg = Debug|Any CPU
		{906FE53C-47A3-4E73-A286-5063EE9A8F52}.Debug|Any CPU.Build.0 = Debug|Any CPU
		{906FE53C-47A3-4E73-A286-5063EE9A8F52}.Release|Any CPU.ActiveCfg = Release|Any CPU
		{906FE53C-47A3-4E73-A286-5063EE9A8F52}.Release|Any CPU.Build.0 = Release|Any CPU
		{92E6D3E2-3A9D-4F7B-86A0-5896F0BCF8B6}.Debug|Any CPU.ActiveCfg = Debug|Any CPU
		{92E6D3E2-3A9D-4F7B-86A0-5896F0BCF8B6}.Debug|Any CPU.Build.0 = Debug|Any CPU
		{92E6D3E2-3A9D-4F7B-86A0-5896F0BCF8B6}.Release|Any CPU.ActiveCfg = Release|Any CPU
		{92E6D3E2-3A9D-4F7B-86A0-5896F0BCF8B6}.Release|Any CPU.Build.0 = Release|Any CPU
		{606A78E7-8F7E-4936-9D23-6BD9F08D0BA9}.Debug|Any CPU.ActiveCfg = Debug|Any CPU
		{606A78E7-8F7E-4936-9D23-6BD9F08D0BA9}.Debug|Any CPU.Build.0 = Debug|Any CPU
		{606A78E7-8F7E-4936-9D23-6BD9F08D0BA9}.Release|Any CPU.ActiveCfg = Release|Any CPU
		{606A78E7-8F7E-4936-9D23-6BD9F08D0BA9}.Release|Any CPU.Build.0 = Release|Any CPU
		{194787E3-FA01-400E-9BBD-DA50751AF7BA}.Debug|Any CPU.ActiveCfg = Debug|Any CPU
		{194787E3-FA01-400E-9BBD-DA50751AF7BA}.Debug|Any CPU.Build.0 = Debug|Any CPU
		{194787E3-FA01-400E-9BBD-DA50751AF7BA}.Release|Any CPU.ActiveCfg = Release|Any CPU
		{194787E3-FA01-400E-9BBD-DA50751AF7BA}.Release|Any CPU.Build.0 = Release|Any CPU
		{7148D3F7-17FC-44AF-9D32-A1B7606E1CA7}.Debug|Any CPU.ActiveCfg = Debug|Any CPU
		{7148D3F7-17FC-44AF-9D32-A1B7606E1CA7}.Debug|Any CPU.Build.0 = Debug|Any CPU
		{7148D3F7-17FC-44AF-9D32-A1B7606E1CA7}.Release|Any CPU.ActiveCfg = Release|Any CPU
		{7148D3F7-17FC-44AF-9D32-A1B7606E1CA7}.Release|Any CPU.Build.0 = Release|Any CPU
		{88CBEDAE-8917-438A-92AD-DBC2E1E01681}.Debug|Any CPU.ActiveCfg = Debug|Any CPU
		{88CBEDAE-8917-438A-92AD-DBC2E1E01681}.Debug|Any CPU.Build.0 = Debug|Any CPU
		{88CBEDAE-8917-438A-92AD-DBC2E1E01681}.Release|Any CPU.ActiveCfg = Release|Any CPU
		{88CBEDAE-8917-438A-92AD-DBC2E1E01681}.Release|Any CPU.Build.0 = Release|Any CPU
		{74DDE267-7D3B-4957-845C-D61207408849}.Debug|Any CPU.ActiveCfg = Debug|Any CPU
		{74DDE267-7D3B-4957-845C-D61207408849}.Debug|Any CPU.Build.0 = Debug|Any CPU
		{74DDE267-7D3B-4957-845C-D61207408849}.Release|Any CPU.ActiveCfg = Release|Any CPU
		{74DDE267-7D3B-4957-845C-D61207408849}.Release|Any CPU.Build.0 = Release|Any CPU
	EndGlobalSection
	GlobalSection(SolutionProperties) = preSolution
		HideSolutionNode = FALSE
	EndGlobalSection
	GlobalSection(NestedProjects) = preSolution
		{8C32D97C-141B-48FB-822A-49F321D0CFAC} = {BFD7ADDA-1926-48AF-9A81-61DFC317AC2C}
		{1AEF259A-0AE0-4C00-8214-98DDC2FDC67C} = {BFD7ADDA-1926-48AF-9A81-61DFC317AC2C}
		{090532C9-7F5B-45AD-BE30-25B8F803D80A} = {8F7D42FF-AAD7-4FD0-8D3A-CDFD862B1E1E}
		{D0F13AD8-7F41-440F-8EE7-D545DB8B0BB7} = {090532C9-7F5B-45AD-BE30-25B8F803D80A}
		{F27FAE4F-0C31-4E48-A868-056969D73837} = {090532C9-7F5B-45AD-BE30-25B8F803D80A}
		{544EBAD3-F10C-4286-B15B-41DD2819A515} = {090532C9-7F5B-45AD-BE30-25B8F803D80A}
		{512F2735-00B8-44E9-96A1-10C0FBF2204D} = {BFD7ADDA-1926-48AF-9A81-61DFC317AC2C}
		{906FE53C-47A3-4E73-A286-5063EE9A8F52} = {BFD7ADDA-1926-48AF-9A81-61DFC317AC2C}
		{834053F2-1C6C-4A8D-A70F-474CBA6BF747} = {8F7D42FF-AAD7-4FD0-8D3A-CDFD862B1E1E}
		{8E0D490B-3C86-4806-9CC1-2761F0510413} = {8F7D42FF-AAD7-4FD0-8D3A-CDFD862B1E1E}
		{92E6D3E2-3A9D-4F7B-86A0-5896F0BCF8B6} = {834053F2-1C6C-4A8D-A70F-474CBA6BF747}
		{606A78E7-8F7E-4936-9D23-6BD9F08D0BA9} = {834053F2-1C6C-4A8D-A70F-474CBA6BF747}
		{194787E3-FA01-400E-9BBD-DA50751AF7BA} = {834053F2-1C6C-4A8D-A70F-474CBA6BF747}
		{7148D3F7-17FC-44AF-9D32-A1B7606E1CA7} = {8E0D490B-3C86-4806-9CC1-2761F0510413}
		{88CBEDAE-8917-438A-92AD-DBC2E1E01681} = {8E0D490B-3C86-4806-9CC1-2761F0510413}
		{74DDE267-7D3B-4957-845C-D61207408849} = {8E0D490B-3C86-4806-9CC1-2761F0510413}
	EndGlobalSection
	GlobalSection(ExtensibilityGlobals) = postSolution
		SolutionGuid = {73CB9E65-B7D1-4BC7-92B4-C2E7B69D65E0}
	EndGlobalSection
EndGlobal
